
Microsoft Visual Studio Solution File, Format Version 12.00
# Visual Studio Version 17
VisualStudioVersion = 17.8.34330.188
MinimumVisualStudioVersion = 10.0.40219.1
Project("{FAE04EC0-301F-11D3-BF4B-00C04F79EFBC}") = "RevitAPI-Tags", "RevitAPI-Tags\RevitAPI-Tags.csproj", "{715BE88C-8B01-45E6-9B6A-CCB12C615475}"
EndProject
Global
	GlobalSection(SolutionConfigurationPlatforms) = preSolution
		Debug|Any CPU = Debug|Any CPU
		Release|Any CPU = Release|Any CPU
	EndGlobalSection
	GlobalSection(ProjectConfigurationPlatforms) = postSolution
		{715BE88C-8B01-45E6-9B6A-CCB12C615475}.Debug|Any CPU.ActiveCfg = Debug|Any CPU
		{715BE88C-8B01-45E6-9B6A-CCB12C615475}.Debug|Any CPU.Build.0 = Debug|Any CPU
		{715BE88C-8B01-45E6-9B6A-CCB12C615475}.Release|Any CPU.ActiveCfg = Release|Any CPU
		{715BE88C-8B01-45E6-9B6A-CCB12C615475}.Release|Any CPU.Build.0 = Release|Any CPU
	EndGlobalSection
	GlobalSection(SolutionProperties) = preSolution
		HideSolutionNode = FALSE
	EndGlobalSection
	GlobalSection(ExtensibilityGlobals) = postSolution
		SolutionGuid = {1E3CC9DD-135D-49C9-AACD-39E5391D414D}
	EndGlobalSection
EndGlobal
